// !$*UTF8*$!
{
	archiveVersion = 1;
	classes = {
	};
	objectVersion = 46;
	objects = {

/* Begin PBXBuildFile section */
		E726BD3B2127FB48004F1B35 /* main.m in Sources */ = {isa = PBXBuildFile; fileRef = E726BD3A2127FB48004F1B35 /* main.m */; };
		E726BD3E2127FB48004F1B35 /* AppDelegate.m in Sources */ = {isa = PBXBuildFile; fileRef = E726BD3D2127FB48004F1B35 /* AppDelegate.m */; };
		E726BD412127FB48004F1B35 /* ViewController.m in Sources */ = {isa = PBXBuildFile; fileRef = E726BD402127FB48004F1B35 /* ViewController.m */; };
		E726BD442127FB48004F1B35 /* Main.storyboard in Resources */ = {isa = PBXBuildFile; fileRef = E726BD422127FB48004F1B35 /* Main.storyboard */; };
		E726BD472127FB48004F1B35 /* WikiSearch.xcdatamodeld in Sources */ = {isa = PBXBuildFile; fileRef = E726BD452127FB48004F1B35 /* WikiSearch.xcdatamodeld */; };
		E726BD492127FB48004F1B35 /* Assets.xcassets in Resources */ = {isa = PBXBuildFile; fileRef = E726BD482127FB48004F1B35 /* Assets.xcassets */; };
		E726BD4C2127FB48004F1B35 /* LaunchScreen.storyboard in Resources */ = {isa = PBXBuildFile; fileRef = E726BD4A2127FB48004F1B35 /* LaunchScreen.storyboard */; };
		E726BDA22127FB80004F1B35 /* HTTPRequest.m in Sources */ = {isa = PBXBuildFile; fileRef = E726BDA12127FB80004F1B35 /* HTTPRequest.m */; };
		E726BDBB21281A03004F1B35 /* SearchResultCell.xib in Resources */ = {isa = PBXBuildFile; fileRef = E726BDB921281A03004F1B35 /* SearchResultCell.xib */; };
		E78EC82B212854A700F4CCAE /* WebViewViewController.m in Sources */ = {isa = PBXBuildFile; fileRef = E78EC82A212854A700F4CCAE /* WebViewViewController.m */; };
/* End PBXBuildFile section */

/* Begin PBXFileReference section */
		E726BD362127FB48004F1B35 /* WikiSearch.app */ = {isa = PBXFileReference; explicitFileType = wrapper.application; includeInIndex = 0; path = WikiSearch.app; sourceTree = BUILT_PRODUCTS_DIR; };
		E726BD3A2127FB48004F1B35 /* main.m */ = {isa = PBXFileReference; lastKnownFileType = sourcecode.c.objc; path = main.m; sourceTree = "<group>"; };
		E726BD3C2127FB48004F1B35 /* AppDelegate.h */ = {isa = PBXFileReference; lastKnownFileType = sourcecode.c.h; path = AppDelegate.h; sourceTree = "<group>"; };
		E726BD3D2127FB48004F1B35 /* AppDelegate.m */ = {isa = PBXFileReference; lastKnownFileType = sourcecode.c.objc; path = AppDelegate.m; sourceTree = "<group>"; };
		E726BD3F2127FB48004F1B35 /* ViewController.h */ = {isa = PBXFileReference; lastKnownFileType = sourcecode.c.h; path = ViewController.h; sourceTree = "<group>"; };
		E726BD402127FB48004F1B35 /* ViewController.m */ = {isa = PBXFileReference; lastKnownFileType = sourcecode.c.objc; path = ViewController.m; sourceTree = "<group>"; };
		E726BD432127FB48004F1B35 /* Base */ = {isa = PBXFileReference; lastKnownFileType = file.storyboard; name = Base; path = Base.lproj/Main.storyboard; sourceTree = "<group>"; };
		E726BD462127FB48004F1B35 /* WikiSearch.xcdatamodel */ = {isa = PBXFileReference; lastKnownFileType = wrapper.xcdatamodel; path = WikiSearch.xcdatamodel; sourceTree = "<group>"; };
		E726BD482127FB48004F1B35 /* Assets.xcassets */ = {isa = PBXFileReference; lastKnownFileType = folder.assetcatalog; path = Assets.xcassets; sourceTree = "<group>"; };
		E726BD4B2127FB48004F1B35 /* Base */ = {isa = PBXFileReference; lastKnownFileType = file.storyboard; name = Base; path = Base.lproj/LaunchScreen.storyboard; sourceTree = "<group>"; };
		E726BD4D2127FB48004F1B35 /* Info.plist */ = {isa = PBXFileReference; lastKnownFileType = text.plist.xml; path = Info.plist; sourceTree = "<group>"; };
		E726BDA02127FB80004F1B35 /* HTTPRequest.h */ = {isa = PBXFileReference; fileEncoding = 4; lastKnownFileType = sourcecode.c.h; path = HTTPRequest.h; sourceTree = "<group>"; };
		E726BDA12127FB80004F1B35 /* HTTPRequest.m */ = {isa = PBXFileReference; fileEncoding = 4; lastKnownFileType = sourcecode.c.objc; path = HTTPRequest.m; sourceTree = "<group>"; };
		E726BDB921281A03004F1B35 /* SearchResultCell.xib */ = {isa = PBXFileReference; fileEncoding = 4; lastKnownFileType = file.xib; path = SearchResultCell.xib; sourceTree = "<group>"; };
		E78EC829212854A700F4CCAE /* WebViewViewController.h */ = {isa = PBXFileReference; fileEncoding = 4; lastKnownFileType = sourcecode.c.h; path = WebViewViewController.h; sourceTree = "<group>"; };
		E78EC82A212854A700F4CCAE /* WebViewViewController.m */ = {isa = PBXFileReference; fileEncoding = 4; lastKnownFileType = sourcecode.c.objc; path = WebViewViewController.m; sourceTree = "<group>"; };
/* End PBXFileReference section */

/* Begin PBXFrameworksBuildPhase section */
		E726BD332127FB48004F1B35 /* Frameworks */ = {
			isa = PBXFrameworksBuildPhase;
			buildActionMask = 2147483647;
			files = (
			);
			runOnlyForDeploymentPostprocessing = 0;
		};
/* End PBXFrameworksBuildPhase section */

/* Begin PBXGroup section */
		E726BD2D2127FB48004F1B35 = {
			isa = PBXGroup;
			children = (
				E726BD382127FB48004F1B35 /* WikiSearch */,
				E726BD372127FB48004F1B35 /* Products */,
			);
			sourceTree = "<group>";
		};
		E726BD372127FB48004F1B35 /* Products */ = {
			isa = PBXGroup;
			children = (
				E726BD362127FB48004F1B35 /* WikiSearch.app */,
			);
			name = Products;
			sourceTree = "<group>";
		};
		E726BD382127FB48004F1B35 /* WikiSearch */ = {
			isa = PBXGroup;
			children = (
				E726BDA02127FB80004F1B35 /* HTTPRequest.h */,
				E726BDA12127FB80004F1B35 /* HTTPRequest.m */,
				E726BD3C2127FB48004F1B35 /* AppDelegate.h */,
				E726BD3D2127FB48004F1B35 /* AppDelegate.m */,
				E726BD3F2127FB48004F1B35 /* ViewController.h */,
				E726BD402127FB48004F1B35 /* ViewController.m */,
				E78EC829212854A700F4CCAE /* WebViewViewController.h */,
				E78EC82A212854A700F4CCAE /* WebViewViewController.m */,
				E726BD422127FB48004F1B35 /* Main.storyboard */,
				E726BDB921281A03004F1B35 /* SearchResultCell.xib */,
				E726BD482127FB48004F1B35 /* Assets.xcassets */,
				E726BD4A2127FB48004F1B35 /* LaunchScreen.storyboard */,
				E726BD4D2127FB48004F1B35 /* Info.plist */,
				E726BD452127FB48004F1B35 /* WikiSearch.xcdatamodeld */,
				E726BD392127FB48004F1B35 /* Supporting Files */,
			);
			path = WikiSearch;
			sourceTree = "<group>";
		};
		E726BD392127FB48004F1B35 /* Supporting Files */ = {
			isa = PBXGroup;
			children = (
				E726BD3A2127FB48004F1B35 /* main.m */,
			);
			name = "Supporting Files";
			sourceTree = "<group>";
		};
/* End PBXGroup section */

/* Begin PBXNativeTarget section */
		E726BD352127FB48004F1B35 /* WikiSearch */ = {
			isa = PBXNativeTarget;
			buildConfigurationList = E726BD502127FB48004F1B35 /* Build configuration list for PBXNativeTarget "WikiSearch" */;
			buildPhases = (
				E726BD322127FB48004F1B35 /* Sources */,
				E726BD332127FB48004F1B35 /* Frameworks */,
				E726BD342127FB48004F1B35 /* Resources */,
			);
			buildRules = (
			);
			dependencies = (
			);
			name = WikiSearch;
			productName = WikiSearch;
			productReference = E726BD362127FB48004F1B35 /* WikiSearch.app */;
			productType = "com.apple.product-type.application";
		};
/* End PBXNativeTarget section */

/* Begin PBXProject section */
		E726BD2E2127FB48004F1B35 /* Project object */ = {
			isa = PBXProject;
			attributes = {
				LastUpgradeCheck = 0830;
				ORGANIZATIONNAME = Sandhya;
				TargetAttributes = {
					E726BD352127FB48004F1B35 = {
						CreatedOnToolsVersion = 8.3.2;
						ProvisioningStyle = Automatic;
					};
				};
			};
			buildConfigurationList = E726BD312127FB48004F1B35 /* Build configuration list for PBXProject "WikiSearch" */;
			compatibilityVersion = "Xcode 3.2";
			developmentRegion = English;
			hasScannedForEncodings = 0;
			knownRegions = (
				en,
				Base,
			);
			mainGroup = E726BD2D2127FB48004F1B35;
			productRefGroup = E726BD372127FB48004F1B35 /* Products */;
			projectDirPath = "";
			projectRoot = "";
			targets = (
				E726BD352127FB48004F1B35 /* WikiSearch */,
			);
		};
/* End PBXProject section */

/* Begin PBXResourcesBuildPhase section */
		E726BD342127FB48004F1B35 /* Resources */ = {
			isa = PBXResourcesBuildPhase;
			buildActionMask = 2147483647;
			files = (
				E726BD4C2127FB48004F1B35 /* LaunchScreen.storyboard in Resources */,
				E726BD492127FB48004F1B35 /* Assets.xcassets in Resources */,
				E726BDBB21281A03004F1B35 /* SearchResultCell.xib in Resources */,
				E726BD442127FB48004F1B35 /* Main.storyboard in Resources */,
			);
			runOnlyForDeploymentPostprocessing = 0;
		};
/* End PBXResourcesBuildPhase section */

/* Begin PBXSourcesBuildPhase section */
		E726BD322127FB48004F1B35 /* Sources */ = {
			isa = PBXSourcesBuildPhase;
			buildActionMask = 2147483647;
			files = (
				E78EC82B212854A700F4CCAE /* WebViewViewController.m in Sources */,
				E726BD412127FB48004F1B35 /* ViewController.m in Sources */,
				E726BD472127FB48004F1B35 /* WikiSearch.xcdatamodeld in Sources */,
				E726BD3E2127FB48004F1B35 /* AppDelegate.m in Sources */,
				E726BDA22127FB80004F1B35 /* HTTPRequest.m in Sources */,
				E726BD3B2127FB48004F1B35 /* main.m in Sources */,
			);
			runOnlyForDeploymentPostprocessing = 0;
		};
/* End PBXSourcesBuildPhase section */

/* Begin PBXVariantGroup section */
		E726BD422127FB48004F1B35 /* Main.storyboard */ = {
			isa = PBXVariantGroup;
			children = (
				E726BD432127FB48004F1B35 /* Base */,
			);
			name = Main.storyboard;
			sourceTree = "<group>";
		};
		E726BD4A2127FB48004F1B35 /* LaunchScreen.storyboard */ = {
			isa = PBXVariantGroup;
			children = (
				E726BD4B2127FB48004F1B35 /* Base */,
			);
			name = LaunchScreen.storyboard;
			sourceTree = "<group>";
		};
/* End PBXVariantGroup section */

/* Begin XCBuildConfiguration section */
		E726BD4E2127FB48004F1B35 /* Debug */ = {
			isa = XCBuildConfiguration;
			buildSettings = {
				ALWAYS_SEARCH_USER_PATHS = NO;
				CLANG_ANALYZER_NONNULL = YES;
				CLANG_ANALYZER_NUMBER_OBJECT_CONVERSION = YES_AGGRESSIVE;
				CLANG_CXX_LANGUAGE_STANDARD = "gnu++0x";
				CLANG_CXX_LIBRARY = "libc++";
				CLANG_ENABLE_MODULES = YES;
				CLANG_ENABLE_OBJC_ARC = YES;
				CLANG_WARN_BOOL_CONVERSION = YES;
				CLANG_WARN_CONSTANT_CONVERSION = YES;
				CLANG_WARN_DIRECT_OBJC_ISA_USAGE = YES_ERROR;
				CLANG_WARN_DOCUMENTATION_COMMENTS = YES;
				CLANG_WARN_EMPTY_BODY = YES;
				CLANG_WARN_ENUM_CONVERSION = YES;
				CLANG_WARN_INFINITE_RECURSION = YES;
				CLANG_WARN_INT_CONVERSION = YES;
				CLANG_WARN_OBJC_ROOT_CLASS = YES_ERROR;
				CLANG_WARN_SUSPICIOUS_MOVE = YES;
				CLANG_WARN_UNREACHABLE_CODE = YES;
				CLANG_WARN__DUPLICATE_METHOD_MATCH = YES;
				"CODE_SIGN_IDENTITY[sdk=iphoneos*]" = "iPhone Developer";
				COPY_PHASE_STRIP = NO;
				DEBUG_INFORMATION_FORMAT = dwarf;
				ENABLE_STRICT_OBJC_MSGSEND = YES;
				ENABLE_TESTABILITY = YES;
				GCC_C_LANGUAGE_STANDARD = gnu99;
				GCC_DYNAMIC_NO_PIC = NO;
				GCC_NO_COMMON_BLOCKS = YES;
				GCC_OPTIMIZATION_LEVEL = 0;
				GCC_PREPROCESSOR_DEFINITIONS = (
					"DEBUG=1",
					"$(inherited)",
				);
				GCC_WARN_64_TO_32_BIT_CONVERSION = YES;
				GCC_WARN_ABOUT_RETURN_TYPE = YES_ERROR;
				GCC_WARN_UNDECLARED_SELECTOR = YES;
				GCC_WARN_UNINITIALIZED_AUTOS = YES_AGGRESSIVE;
				GCC_WARN_UNUSED_FUNCTION = YES;
				GCC_WARN_UNUSED_VARIABLE = YES;
				IPHONEOS_DEPLOYMENT_TARGET = 10.3;
				MTL_ENABLE_DEBUG_INFO = YES;
				ONLY_ACTIVE_ARCH = YES;
				SDKROOT = iphoneos;
				TARGETED_DEVICE_FAMILY = "1,2";
			};
			name = Debug;
		};
		E726BD4F2127FB48004F1B35 /* Release */ = {
			isa = XCBuildConfiguration;
			buildSettings = {
				ALWAYS_SEARCH_USER_PATHS = NO;
				CLANG_ANALYZER_NONNULL = YES;
				CLANG_ANALYZER_NUMBER_OBJECT_CONVERSION = YES_AGGRESSIVE;
				CLANG_CXX_LANGUAGE_STANDARD = "gnu++0x";
				CLANG_CXX_LIBRARY = "libc++";
				CLANG_ENABLE_MODULES = YES;
				CLANG_ENABLE_OBJC_ARC = YES;
				CLANG_WARN_BOOL_CONVERSION = YES;
				CLANG_WARN_CONSTANT_CONVERSION = YES;
				CLANG_WARN_DIRECT_OBJC_ISA_USAGE = YES_ERROR;
				CLANG_WARN_DOCUMENTATION_COMMENTS = YES;
				CLANG_WARN_EMPTY_BODY = YES;
				CLANG_WARN_ENUM_CONVERSION = YES;
				CLANG_WARN_INFINITE_RECURSION = YES;
				CLANG_WARN_INT_CONVERSION = YES;
				CLANG_WARN_OBJC_ROOT_CLASS = YES_ERROR;
				CLANG_WARN_SUSPICIOUS_MOVE = YES;
				CLANG_WARN_UNREACHABLE_CODE = YES;
				CLANG_WARN__DUPLICATE_METHOD_MATCH = YES;
				"CODE_SIGN_IDENTITY[sdk=iphoneos*]" = "iPhone Developer";
				COPY_PHASE_STRIP = NO;
				DEBUG_INFORMATION_FORMAT = "dwarf-with-dsym";
				ENABLE_NS_ASSERTIONS = NO;
				ENABLE_STRICT_OBJC_MSGSEND = YES;
				GCC_C_LANGUAGE_STANDARD = gnu99;
				GCC_NO_COMMON_BLOCKS = YES;
				GCC_WARN_64_TO_32_BIT_CONVERSION = YES;
				GCC_WARN_ABOUT_RETURN_TYPE = YES_ERROR;
				GCC_WARN_UNDECLARED_SELECTOR = YES;
				GCC_WARN_UNINITIALIZED_AUTOS = YES_AGGRESSIVE;
				GCC_WARN_UNUSED_FUNCTION = YES;
				GCC_WARN_UNUSED_VARIABLE = YES;
				IPHONEOS_DEPLOYMENT_TARGET = 10.3;
				MTL_ENABLE_DEBUG_INFO = NO;
				SDKROOT = iphoneos;
				TARGETED_DEVICE_FAMILY = "1,2";
				VALIDATE_PRODUCT = YES;
			};
			name = Release;
		};
		E726BD512127FB48004F1B35 /* Debug */ = {
			isa = XCBuildConfiguration;
			buildSettings = {
				ASSETCATALOG_COMPILER_APPICON_NAME = AppIcon;
				INFOPLIST_FILE = WikiSearch/Info.plist;
				LD_RUNPATH_SEARCH_PATHS = "$(inherited) @executable_path/Frameworks";
				LIBRARY_SEARCH_PATHS = (
					"$(inherited)",
					"$(PROJECT_DIR)/WikiSearch/Earthquake_NewsFeeding",
				);
				PRODUCT_BUNDLE_IDENTIFIER = com.SeachDemo.WikiSearch;
				PRODUCT_NAME = "$(TARGET_NAME)";
			};
			name = Debug;
		};
		E726BD522127FB48004F1B35 /* Release */ = {
			isa = XCBuildConfiguration;
			buildSettings = {
				ASSETCATALOG_COMPILER_APPICON_NAME = AppIcon;
				INFOPLIST_FILE = WikiSearch/Info.plist;
				LD_RUNPATH_SEARCH_PATHS = "$(inherited) @executable_path/Frameworks";
				LIBRARY_SEARCH_PATHS = (
					"$(inherited)",
					"$(PROJECT_DIR)/WikiSearch/Earthquake_NewsFeeding",
				);
				PRODUCT_BUNDLE_IDENTIFIER = com.SeachDemo.WikiSearch;
				PRODUCT_NAME = "$(TARGET_NAME)";
			};
			name = Release;
		};
/* End XCBuildConfiguration section */

/* Begin XCConfigurationList section */
		E726BD312127FB48004F1B35 /* Build configuration list for PBXProject "WikiSearch" */ = {
			isa = XCConfigurationList;
			buildConfigurations = (
				E726BD4E2127FB48004F1B35 /* Debug */,
				E726BD4F2127FB48004F1B35 /* Release */,
			);
			defaultConfigurationIsVisible = 0;
			defaultConfigurationName = Release;
		};
		E726BD502127FB48004F1B35 /* Build configuration list for PBXNativeTarget "WikiSearch" */ = {
			isa = XCConfigurationList;
			buildConfigurations = (
				E726BD512127FB48004F1B35 /* Debug */,
				E726BD522127FB48004F1B35 /* Release */,
			);
			defaultConfigurationIsVisible = 0;
			defaultConfigurationName = Release;
		};
/* End XCConfigurationList section */

/* Begin XCVersionGroup section */
		E726BD452127FB48004F1B35 /* WikiSearch.xcdatamodeld */ = {
			isa = XCVersionGroup;
			children = (
				E726BD462127FB48004F1B35 /* WikiSearch.xcdatamodel */,
			);
			currentVersion = E726BD462127FB48004F1B35 /* WikiSearch.xcdatamodel */;
			path = WikiSearch.xcdatamodeld;
			sourceTree = "<group>";
			versionGroupType = wrapper.xcdatamodel;
		};
/* End XCVersionGroup section */
	};
	rootObject = E726BD2E2127FB48004F1B35 /* Project object */;
}
